
Microsoft Visual Studio Solution File, Format Version 12.00
# Visual Studio Version 16
VisualStudioVersion = 16.0.28729.10
MinimumVisualStudioVersion = 10.0.40219.1
Project("{FAE04EC0-301F-11D3-BF4B-00C04F79EFBC}") = "Computer Era", "Computer Era\Computer Era.csproj", "{3587843C-7D00-42F4-BA8D-AFF4048614CD}"
EndProject
Project("{FAE04EC0-301F-11D3-BF4B-00C04F79EFBC}") = "Computer Era Tools", "Computer Era Tools\Computer Era Tools.csproj", "{8E4C045A-49B0-480C-B3BF-CE26F9215140}"
EndProject
Global
	GlobalSection(SolutionConfigurationPlatforms) = preSolution
		Debug|Any CPU = Debug|Any CPU
		Release|Any CPU = Release|Any CPU
	EndGlobalSection
	GlobalSection(ProjectConfigurationPlatforms) = postSolution
		{3587843C-7D00-42F4-BA8D-AFF4048614CD}.Debug|Any CPU.ActiveCfg = Debug|Any CPU
		{3587843C-7D00-42F4-BA8D-AFF4048614CD}.Debug|Any CPU.Build.0 = Debug|Any CPU
		{3587843C-7D00-42F4-BA8D-AFF4048614CD}.Release|Any CPU.ActiveCfg = Release|Any CPU
		{3587843C-7D00-42F4-BA8D-AFF4048614CD}.Release|Any CPU.Build.0 = Release|Any CPU
		{8E4C045A-49B0-480C-B3BF-CE26F9215140}.Debug|Any CPU.ActiveCfg = Debug|Any CPU
		{8E4C045A-49B0-480C-B3BF-CE26F9215140}.Debug|Any CPU.Build.0 = Debug|Any CPU
		{8E4C045A-49B0-480C-B3BF-CE26F9215140}.Release|Any CPU.ActiveCfg = Release|Any CPU
		{8E4C045A-49B0-480C-B3BF-CE26F9215140}.Release|Any CPU.Build.0 = Release|Any CPU
	EndGlobalSection
	GlobalSection(SolutionProperties) = preSolution
		HideSolutionNode = FALSE
	EndGlobalSection
	GlobalSection(ExtensibilityGlobals) = postSolution
		SolutionGuid = {56476B79-3B6F-4862-81DB-E629EC1051AE}
	EndGlobalSection
EndGlobal
